Microsoft Visual Studio Solution File, Format Version 11.00
# Visual Studio 2008

Project("{7B626DC5-0AA7-3351-4AC7-C3523E35D623}") = "Final-pROJEct", "Assembly-CSharp.csproj", "{E57BB834-EFC1-6750-8B94-9E5341D90109}"
EndProject
Project("{7B626DC5-0AA7-3351-4AC7-C3523E35D623}") = "Final-pROJEct", "Assembly-CSharp-Editor.csproj", "{A92C68C9-433D-3741-7FBD-8F090ACC29A3}"
EndProject
Global
	GlobalSection(SolutionConfigurationPlatforms) = preSolution
		Debug|Any CPU = Debug|Any CPU
		Release|Any CPU = Release|Any CPU
	EndGlobalSection
	GlobalSection(ProjectConfigurationPlatforms) = postSolution
		{E57BB834-EFC1-6750-8B94-9E5341D90109}.Debug|Any CPU.ActiveCfg = Debug|Any CPU
		{E57BB834-EFC1-6750-8B94-9E5341D90109}.Debug|Any CPU.Build.0 = Debug|Any CPU
		{E57BB834-EFC1-6750-8B94-9E5341D90109}.Release|Any CPU.ActiveCfg = Release|Any CPU
		{E57BB834-EFC1-6750-8B94-9E5341D90109}.Release|Any CPU.Build.0 = Release|Any CPU
		{A92C68C9-433D-3741-7FBD-8F090ACC29A3}.Debug|Any CPU.ActiveCfg = Debug|Any CPU
		{A92C68C9-433D-3741-7FBD-8F090ACC29A3}.Debug|Any CPU.Build.0 = Debug|Any CPU
		{A92C68C9-433D-3741-7FBD-8F090ACC29A3}.Release|Any CPU.ActiveCfg = Release|Any CPU
		{A92C68C9-433D-3741-7FBD-8F090ACC29A3}.Release|Any CPU.Build.0 = Release|Any CPU
	EndGlobalSection
	GlobalSection(SolutionProperties) = preSolution
		HideSolutionNode = FALSE
	EndGlobalSection
																																																																														GlobalSection(MonoDevelopProperties) = preSolution
=======
																																																																							GlobalSection(MonoDevelopProperties) = preSolution
=======
																																																																																					GlobalSection(MonoDevelopProperties) = preSolution
>>>>>>> b960a54081b591de6aae31f10eb375e1b9c487c9
		StartupItem = Assembly-CSharp.csproj
		Policies = $0
		$0.TextStylePolicy = $1
		$1.inheritsSet = null
		$1.scope = text/x-csharp
		$0.CSharpFormattingPolicy = $2
		$2.inheritsSet = Mono
		$2.inheritsScope = text/x-csharp
		$2.scope = text/x-csharp
		$0.TextStylePolicy = $3
		$3.FileWidth = 120
		$3.TabWidth = 4
		$3.IndentWidth = 4
		$3.EolMarker = Unix
		$3.inheritsSet = Mono
		$3.inheritsScope = text/plain
		$3.scope = text/plain
	EndGlobalSection
																																																														GlobalSection(MonoDevelopProperties) = preSolution
>>>>>>> ec5ff3aaa7a221a7d6e18def0d3cc98e7246b570
		StartupItem = Assembly-CSharp.csproj
		Policies = $0
		$0.TextStylePolicy = $1
		$1.inheritsSet = null
		$1.scope = text/x-csharp
		$0.CSharpFormattingPolicy = $2
		$2.inheritsSet = Mono
		$2.inheritsScope = text/x-csharp
		$2.scope = text/x-csharp
		$0.TextStylePolicy = $3
		$3.FileWidth = 120
		$3.TabWidth = 4
		$3.IndentWidth = 4
		$3.EolMarker = Unix
		$3.inheritsSet = Mono
		$3.inheritsScope = text/plain
		$3.scope = text/plain
	EndGlobalSection

EndGlobal
